// !$*UTF8*$!
{
	archiveVersion = 1;
	classes = {
	};
	objectVersion = 46;
	objects = {

/* Begin PBXBuildFile section */
		DA54B7771C67E1BD00269632 /* main.cpp in Sources */ = {isa = PBXBuildFile; fileRef = DA54B7761C67E1BD00269632 /* main.cpp */; };
		DA54B77F1C67E1E100269632 /* ChatClient.cpp in Sources */ = {isa = PBXBuildFile; fileRef = DA54B77D1C67E1E100269632 /* ChatClient.cpp */; };
		DA54B7E91C67EE1400269632 /* libChatLib.a in Frameworks */ = {isa = PBXBuildFile; fileRef = DA54B7E81C67EE1400269632 /* libChatLib.a */; };
		DAF3703C1E50EB3F00C030D1 /* ChatDisplay.cpp in Sources */ = {isa = PBXBuildFile; fileRef = DAF3703A1E50EB3F00C030D1 /* ChatDisplay.cpp */; };
/* End PBXBuildFile section */

/* Begin PBXCopyFilesBuildPhase section */
		DA54B7711C67E1BD00269632 /* CopyFiles */ = {
			isa = PBXCopyFilesBuildPhase;
			buildActionMask = 2147483647;
			dstPath = /usr/share/man/man1/;
			dstSubfolderSpec = 0;
			files = (
			);
			runOnlyForDeploymentPostprocessing = 1;
		};
/* End PBXCopyFilesBuildPhase section */

/* Begin PBXFileReference section */
		DA44C6601C8A71780026838E /* Threads.h */ = {isa = PBXFileReference; fileEncoding = 4; lastKnownFileType = sourcecode.c.h; path = Threads.h; sourceTree = "<group>"; };
		DA54B7731C67E1BD00269632 /* ChatClient */ = {isa = PBXFileReference; explicitFileType = "compiled.mach-o.executable"; includeInIndex = 0; path = ChatClient; sourceTree = BUILT_PRODUCTS_DIR; };
		DA54B7761C67E1BD00269632 /* main.cpp */ = {isa = PBXFileReference; lastKnownFileType = sourcecode.cpp.cpp; path = main.cpp; sourceTree = "<group>"; };
		DA54B77D1C67E1E100269632 /* ChatClient.cpp */ = {isa = PBXFileReference; fileEncoding = 4; lastKnownFileType = sourcecode.cpp.cpp; path = ChatClient.cpp; sourceTree = "<group>"; };
		DA54B77E1C67E1E100269632 /* ChatClient.hpp */ = {isa = PBXFileReference; fileEncoding = 4; lastKnownFileType = sourcecode.cpp.h; path = ChatClient.hpp; sourceTree = "<group>"; };
		DA54B7E81C67EE1400269632 /* libChatLib.a */ = {isa = PBXFileReference; lastKnownFileType = archive.ar; name = libChatLib.a; path = ../ChatLib/build/Debug/libChatLib.a; sourceTree = "<group>"; };
		DAF3703A1E50EB3F00C030D1 /* ChatDisplay.cpp */ = {isa = PBXFileReference; fileEncoding = 4; lastKnownFileType = sourcecode.cpp.cpp; path = ChatDisplay.cpp; sourceTree = "<group>"; };
		DAF3703B1E50EB3F00C030D1 /* ChatDisplay.hpp */ = {isa = PBXFileReference; fileEncoding = 4; lastKnownFileType = sourcecode.cpp.h; path = ChatDisplay.hpp; sourceTree = "<group>"; };
/* End PBXFileReference section */

/* Begin PBXFrameworksBuildPhase section */
		DA54B7701C67E1BD00269632 /* Frameworks */ = {
			isa = PBXFrameworksBuildPhase;
			buildActionMask = 2147483647;
			files = (
				DA54B7E91C67EE1400269632 /* libChatLib.a in Frameworks */,
			);
			runOnlyForDeploymentPostprocessing = 0;
		};
/* End PBXFrameworksBuildPhase section */

/* Begin PBXGroup section */
		DA54B76A1C67E1BD00269632 = {
			isa = PBXGroup;
			children = (
				DA54B7E81C67EE1400269632 /* libChatLib.a */,
				DA54B7751C67E1BD00269632 /* ChatClient */,
				DA54B7741C67E1BD00269632 /* Products */,
			);
			sourceTree = "<group>";
		};
		DA54B7741C67E1BD00269632 /* Products */ = {
			isa = PBXGroup;
			children = (
				DA54B7731C67E1BD00269632 /* ChatClient */,
			);
			name = Products;
			sourceTree = "<group>";
		};
		DA54B7751C67E1BD00269632 /* ChatClient */ = {
			isa = PBXGroup;
			children = (
				DA54B7761C67E1BD00269632 /* main.cpp */,
				DA54B77D1C67E1E100269632 /* ChatClient.cpp */,
				DA54B77E1C67E1E100269632 /* ChatClient.hpp */,
				DA44C6601C8A71780026838E /* Threads.h */,
				DAF3703A1E50EB3F00C030D1 /* ChatDisplay.cpp */,
				DAF3703B1E50EB3F00C030D1 /* ChatDisplay.hpp */,
			);
			path = ChatClient;
			sourceTree = "<group>";
		};
/* End PBXGroup section */

/* Begin PBXNativeTarget section */
		DA54B7721C67E1BD00269632 /* ChatClient */ = {
			isa = PBXNativeTarget;
			buildConfigurationList = DA54B77A1C67E1BD00269632 /* Build configuration list for PBXNativeTarget "ChatClient" */;
			buildPhases = (
				DA54B76F1C67E1BD00269632 /* Sources */,
				DA54B7701C67E1BD00269632 /* Frameworks */,
				DA54B7711C67E1BD00269632 /* CopyFiles */,
			);
			buildRules = (
			);
			dependencies = (
			);
			name = ChatClient;
			productName = ChatClient;
			productReference = DA54B7731C67E1BD00269632 /* ChatClient */;
			productType = "com.apple.product-type.tool";
		};
/* End PBXNativeTarget section */

/* Begin PBXProject section */
		DA54B76B1C67E1BD00269632 /* Project object */ = {
			isa = PBXProject;
			attributes = {
				LastUpgradeCheck = 0720;
				ORGANIZATIONNAME = "Cho Chong";
				TargetAttributes = {
					DA54B7721C67E1BD00269632 = {
						CreatedOnToolsVersion = 7.2.1;
					};
				};
			};
			buildConfigurationList = DA54B76E1C67E1BD00269632 /* Build configuration list for PBXProject "ChatClient" */;
			compatibilityVersion = "Xcode 3.2";
			developmentRegion = English;
			hasScannedForEncodings = 0;
			knownRegions = (
				en,
			);
			mainGroup = DA54B76A1C67E1BD00269632;
			productRefGroup = DA54B7741C67E1BD00269632 /* Products */;
			projectDirPath = "";
			projectRoot = "";
			targets = (
				DA54B7721C67E1BD00269632 /* ChatClient */,
			);
		};
/* End PBXProject section */

/* Begin PBXSourcesBuildPhase section */
		DA54B76F1C67E1BD00269632 /* Sources */ = {
			isa = PBXSourcesBuildPhase;
			buildActionMask = 2147483647;
			files = (
				DA54B77F1C67E1E100269632 /* ChatClient.cpp in Sources */,
				DA54B7771C67E1BD00269632 /* main.cpp in Sources */,
				DAF3703C1E50EB3F00C030D1 /* ChatDisplay.cpp in Sources */,
			);
			runOnlyForDeploymentPostprocessing = 0;
		};
/* End PBXSourcesBuildPhase section */

/* Begin XCBuildConfiguration section */
		DA54B7781C67E1BD00269632 /* Debug */ = {
			isa = XCBuildConfiguration;
			buildSettings = {
				ALWAYS_SEARCH_USER_PATHS = NO;
				CLANG_CXX_LANGUAGE_STANDARD = "gnu++0x";
				CLANG_CXX_LIBRARY = "libc++";
				CLANG_ENABLE_MODULES = YES;
				CLANG_ENABLE_OBJC_ARC = YES;
				CLANG_WARN_BOOL_CONVERSION = YES;
				CLANG_WARN_CONSTANT_CONVERSION = YES;
				CLANG_WARN_DIRECT_OBJC_ISA_USAGE = YES_ERROR;
				CLANG_WARN_EMPTY_BODY = YES;
				CLANG_WARN_ENUM_CONVERSION = YES;
				CLANG_WARN_INT_CONVERSION = YES;
				CLANG_WARN_OBJC_ROOT_CLASS = YES_ERROR;
				CLANG_WARN_UNREACHABLE_CODE = YES;
				CLANG_WARN__DUPLICATE_METHOD_MATCH = YES;
				CODE_SIGN_IDENTITY = "-";
				COPY_PHASE_STRIP = NO;
				DEBUG_INFORMATION_FORMAT = dwarf;
				ENABLE_STRICT_OBJC_MSGSEND = YES;
				ENABLE_TESTABILITY = YES;
				GCC_C_LANGUAGE_STANDARD = gnu99;
				GCC_DYNAMIC_NO_PIC = NO;
				GCC_NO_COMMON_BLOCKS = YES;
				GCC_OPTIMIZATION_LEVEL = 0;
				GCC_PREPROCESSOR_DEFINITIONS = (
					"DEBUG=1",
					"$(inherited)",
				);
				GCC_WARN_64_TO_32_BIT_CONVERSION = YES;
				GCC_WARN_ABOUT_RETURN_TYPE = YES_ERROR;
				GCC_WARN_UNDECLARED_SELECTOR = YES;
				GCC_WARN_UNINITIALIZED_AUTOS = YES_AGGRESSIVE;
				GCC_WARN_UNUSED_FUNCTION = YES;
				GCC_WARN_UNUSED_VARIABLE = YES;
				MACOSX_DEPLOYMENT_TARGET = 10.11;
				MTL_ENABLE_DEBUG_INFO = YES;
				ONLY_ACTIVE_ARCH = YES;
				SDKROOT = macosx;
			};
			name = Debug;
		};
		DA54B7791C67E1BD00269632 /* Release */ = {
			isa = XCBuildConfiguration;
			buildSettings = {
				ALWAYS_SEARCH_USER_PATHS = NO;
				CLANG_CXX_LANGUAGE_STANDARD = "gnu++0x";
				CLANG_CXX_LIBRARY = "libc++";
				CLANG_ENABLE_MODULES = YES;
				CLANG_ENABLE_OBJC_ARC = YES;
				CLANG_WARN_BOOL_CONVERSION = YES;
				CLANG_WARN_CONSTANT_CONVERSION = YES;
				CLANG_WARN_DIRECT_OBJC_ISA_USAGE = YES_ERROR;
				CLANG_WARN_EMPTY_BODY = YES;
				CLANG_WARN_ENUM_CONVERSION = YES;
				CLANG_WARN_INT_CONVERSION = YES;
				CLANG_WARN_OBJC_ROOT_CLASS = YES_ERROR;
				CLANG_WARN_UNREACHABLE_CODE = YES;
				CLANG_WARN__DUPLICATE_METHOD_MATCH = YES;
				CODE_SIGN_IDENTITY = "-";
				COPY_PHASE_STRIP = NO;
				DEBUG_INFORMATION_FORMAT = "dwarf-with-dsym";
				ENABLE_NS_ASSERTIONS = NO;
				ENABLE_STRICT_OBJC_MSGSEND = YES;
				GCC_C_LANGUAGE_STANDARD = gnu99;
				GCC_NO_COMMON_BLOCKS = YES;
				GCC_WARN_64_TO_32_BIT_CONVERSION = YES;
				GCC_WARN_ABOUT_RETURN_TYPE = YES_ERROR;
				GCC_WARN_UNDECLARED_SELECTOR = YES;
				GCC_WARN_UNINITIALIZED_AUTOS = YES_AGGRESSIVE;
				GCC_WARN_UNUSED_FUNCTION = YES;
				GCC_WARN_UNUSED_VARIABLE = YES;
				MACOSX_DEPLOYMENT_TARGET = 10.11;
				MTL_ENABLE_DEBUG_INFO = NO;
				SDKROOT = macosx;
			};
			name = Release;
		};
		DA54B77B1C67E1BD00269632 /* Debug */ = {
			isa = XCBuildConfiguration;
			buildSettings = {
				HEADER_SEARCH_PATHS = (
					"$(PROJECT_DIR)/../ChatLib/ChatLib",
					"$(PROJECT_DIR)/../ChatLib/ChatLib/Model",
					"$(PROJECT_DIR)/../ChatLib/ChatLib/Service",
				);
				"HEADER_SEARCH_PATHS[arch=*]" = (
					"$(PROJECT_DIR)/../ChatLib/ChatLib",
					"$(PROJECT_DIR)/../ChatLib/ChatLib/Model",
					"$(PROJECT_DIR)/../ChatLib/ChatLib/Service",
				);
				PRODUCT_NAME = "$(TARGET_NAME)";
			};
			name = Debug;
		};
		DA54B77C1C67E1BD00269632 /* Release */ = {
			isa = XCBuildConfiguration;
			buildSettings = {
				HEADER_SEARCH_PATHS = (
					"$(PROJECT_DIR)/../ChatLib/ChatLib",
					"$(PROJECT_DIR)/../ChatLib/ChatLib/Model",
					"$(PROJECT_DIR)/../ChatLib/ChatLib/Service",
				);
				"HEADER_SEARCH_PATHS[arch=*]" = (
					"$(PROJECT_DIR)/../ChatLib/ChatLib",
					"$(PROJECT_DIR)/../ChatLib/ChatLib/Model",
					"$(PROJECT_DIR)/../ChatLib/ChatLib/Service",
				);
				PRODUCT_NAME = "$(TARGET_NAME)";
			};
			name = Release;
		};
/* End XCBuildConfiguration section */

/* Begin XCConfigurationList section */
		DA54B76E1C67E1BD00269632 /* Build configuration list for PBXProject "ChatClient" */ = {
			isa = XCConfigurationList;
			buildConfigurations = (
				DA54B7781C67E1BD00269632 /* Debug */,
				DA54B7791C67E1BD00269632 /* Release */,
			);
			defaultConfigurationIsVisible = 0;
			defaultConfigurationName = Release;
		};
		DA54B77A1C67E1BD00269632 /* Build configuration list for PBXNativeTarget "ChatClient" */ = {
			isa = XCConfigurationList;
			buildConfigurations = (
				DA54B77B1C67E1BD00269632 /* Debug */,
				DA54B77C1C67E1BD00269632 /* Release */,
			);
			defaultConfigurationIsVisible = 0;
			defaultConfigurationName = Release;
		};
/* End XCConfigurationList section */
	};
	rootObject = DA54B76B1C67E1BD00269632 /* Project object */;
}
